// !$*UTF8*$!
{
	archiveVersion = 1;
	classes = {
	};
	objectVersion = 48;
	objects = {

/* Begin PBXBuildFile section */
		2F2CFB7D206CAF03002C49BA /* main.swift in Sources */ = {isa = PBXBuildFile; fileRef = 2F2CFB7C206CAF03002C49BA /* main.swift */; };
		2F2CFB84206CAF0D002C49BA /* FormatterNumberValue.swift in Sources */ = {isa = PBXBuildFile; fileRef = 2F2CFB83206CAF0D002C49BA /* FormatterNumberValue.swift */; };
		2F2CFB8C206CB0CE002C49BA /* FormatterNumberValueTest.swift in Sources */ = {isa = PBXBuildFile; fileRef = 2F2CFB8B206CB0CE002C49BA /* FormatterNumberValueTest.swift */; };
		2F2CFB91206CB174002C49BA /* FormatterNumberValue.swift in Sources */ = {isa = PBXBuildFile; fileRef = 2F2CFB83206CAF0D002C49BA /* FormatterNumberValue.swift */; };
/* End PBXBuildFile section */

/* Begin PBXCopyFilesBuildPhase section */
		2F2CFB77206CAF03002C49BA /* CopyFiles */ = {
			isa = PBXCopyFilesBuildPhase;
			buildActionMask = 2147483647;
			dstPath = /usr/share/man/man1/;
			dstSubfolderSpec = 0;
			files = (
			);
			runOnlyForDeploymentPostprocessing = 1;
		};
/* End PBXCopyFilesBuildPhase section */

/* Begin PBXFileReference section */
		2F2CFB79206CAF03002C49BA /* FormatterNumberValue */ = {isa = PBXFileReference; explicitFileType = "compiled.mach-o.executable"; includeInIndex = 0; path = FormatterNumberValue; sourceTree = BUILT_PRODUCTS_DIR; };
		2F2CFB7C206CAF03002C49BA /* main.swift */ = {isa = PBXFileReference; lastKnownFileType = sourcecode.swift; path = main.swift; sourceTree = "<group>"; };
		2F2CFB83206CAF0D002C49BA /* FormatterNumberValue.swift */ = {isa = PBXFileReference; lastKnownFileType = sourcecode.swift; path = FormatterNumberValue.swift; sourceTree = "<group>"; };
		2F2CFB89206CB0CE002C49BA /* FormatterNumberValueTest.xctest */ = {isa = PBXFileReference; explicitFileType = wrapper.cfbundle; includeInIndex = 0; path = FormatterNumberValueTest.xctest; sourceTree = BUILT_PRODUCTS_DIR; };
		2F2CFB8B206CB0CE002C49BA /* FormatterNumberValueTest.swift */ = {isa = PBXFileReference; lastKnownFileType = sourcecode.swift; path = FormatterNumberValueTest.swift; sourceTree = "<group>"; };
		2F2CFB8D206CB0CE002C49BA /* Info.plist */ = {isa = PBXFileReference; lastKnownFileType = text.plist.xml; path = Info.plist; sourceTree = "<group>"; };
/* End PBXFileReference section */

/* Begin PBXFrameworksBuildPhase section */
		2F2CFB76206CAF03002C49BA /* Frameworks */ = {
			isa = PBXFrameworksBuildPhase;
			buildActionMask = 2147483647;
			files = (
			);
			runOnlyForDeploymentPostprocessing = 0;
		};
		2F2CFB86206CB0CE002C49BA /* Frameworks */ = {
			isa = PBXFrameworksBuildPhase;
			buildActionMask = 2147483647;
			files = (
			);
			runOnlyForDeploymentPostprocessing = 0;
		};
/* End PBXFrameworksBuildPhase section */

/* Begin PBXGroup section */
		2F2CFB70206CAF03002C49BA = {
			isa = PBXGroup;
			children = (
				2F2CFB7B206CAF03002C49BA /* FormatterNumberValue */,
				2F2CFB8A206CB0CE002C49BA /* FormatterNumberValueTest */,
				2F2CFB7A206CAF03002C49BA /* Products */,
			);
			sourceTree = "<group>";
		};
		2F2CFB7A206CAF03002C49BA /* Products */ = {
			isa = PBXGroup;
			children = (
				2F2CFB79206CAF03002C49BA /* FormatterNumberValue */,
				2F2CFB89206CB0CE002C49BA /* FormatterNumberValueTest.xctest */,
			);
			name = Products;
			sourceTree = "<group>";
		};
		2F2CFB7B206CAF03002C49BA /* FormatterNumberValue */ = {
			isa = PBXGroup;
			children = (
				2F2CFB7C206CAF03002C49BA /* main.swift */,
				2F2CFB83206CAF0D002C49BA /* FormatterNumberValue.swift */,
			);
			path = FormatterNumberValue;
			sourceTree = "<group>";
		};
		2F2CFB8A206CB0CE002C49BA /* FormatterNumberValueTest */ = {
			isa = PBXGroup;
			children = (
				2F2CFB8B206CB0CE002C49BA /* FormatterNumberValueTest.swift */,
				2F2CFB8D206CB0CE002C49BA /* Info.plist */,
			);
			path = FormatterNumberValueTest;
			sourceTree = "<group>";
		};
/* End PBXGroup section */

/* Begin PBXNativeTarget section */
		2F2CFB78206CAF03002C49BA /* FormatterNumberValue */ = {
			isa = PBXNativeTarget;
			buildConfigurationList = 2F2CFB80206CAF03002C49BA /* Build configuration list for PBXNativeTarget "FormatterNumberValue" */;
			buildPhases = (
				2F2CFB75206CAF03002C49BA /* Sources */,
				2F2CFB76206CAF03002C49BA /* Frameworks */,
				2F2CFB77206CAF03002C49BA /* CopyFiles */,
			);
			buildRules = (
			);
			dependencies = (
			);
			name = FormatterNumberValue;
			productName = FormatterNumberValue;
			productReference = 2F2CFB79206CAF03002C49BA /* FormatterNumberValue */;
			productType = "com.apple.product-type.tool";
		};
		2F2CFB88206CB0CE002C49BA /* FormatterNumberValueTest */ = {
			isa = PBXNativeTarget;
			buildConfigurationList = 2F2CFB8E206CB0CE002C49BA /* Build configuration list for PBXNativeTarget "FormatterNumberValueTest" */;
			buildPhases = (
				2F2CFB85206CB0CE002C49BA /* Sources */,
				2F2CFB86206CB0CE002C49BA /* Frameworks */,
				2F2CFB87206CB0CE002C49BA /* Resources */,
			);
			buildRules = (
			);
			dependencies = (
			);
			name = FormatterNumberValueTest;
			productName = FormatterNumberValueTest;
			productReference = 2F2CFB89206CB0CE002C49BA /* FormatterNumberValueTest.xctest */;
			productType = "com.apple.product-type.bundle.unit-test";
		};
/* End PBXNativeTarget section */

/* Begin PBXProject section */
		2F2CFB71206CAF03002C49BA /* Project object */ = {
			isa = PBXProject;
			attributes = {
				LastSwiftUpdateCheck = 0920;
				LastUpgradeCheck = 0920;
				ORGANIZATIONNAME = sungrow;
				TargetAttributes = {
					2F2CFB78206CAF03002C49BA = {
						CreatedOnToolsVersion = 9.2;
						ProvisioningStyle = Automatic;
					};
					2F2CFB88206CB0CE002C49BA = {
						CreatedOnToolsVersion = 9.2;
						ProvisioningStyle = Automatic;
					};
				};
			};
			buildConfigurationList = 2F2CFB74206CAF03002C49BA /* Build configuration list for PBXProject "FormatterNumberValue" */;
			compatibilityVersion = "Xcode 8.0";
			developmentRegion = en;
			hasScannedForEncodings = 0;
			knownRegions = (
				en,
			);
			mainGroup = 2F2CFB70206CAF03002C49BA;
			productRefGroup = 2F2CFB7A206CAF03002C49BA /* Products */;
			projectDirPath = "";
			projectRoot = "";
			targets = (
				2F2CFB78206CAF03002C49BA /* FormatterNumberValue */,
				2F2CFB88206CB0CE002C49BA /* FormatterNumberValueTest */,
			);
		};
/* End PBXProject section */

/* Begin PBXResourcesBuildPhase section */
		2F2CFB87206CB0CE002C49BA /* Resources */ = {
			isa = PBXResourcesBuildPhase;
			buildActionMask = 2147483647;
			files = (
			);
			runOnlyForDeploymentPostprocessing = 0;
		};
/* End PBXResourcesBuildPhase section */

/* Begin PBXSourcesBuildPhase section */
		2F2CFB75206CAF03002C49BA /* Sources */ = {
			isa = PBXSourcesBuildPhase;
			buildActionMask = 2147483647;
			files = (
				2F2CFB7D206CAF03002C49BA /* main.swift in Sources */,
				2F2CFB84206CAF0D002C49BA /* FormatterNumberValue.swift in Sources */,
			);
			runOnlyForDeploymentPostprocessing = 0;
		};
		2F2CFB85206CB0CE002C49BA /* Sources */ = {
			isa = PBXSourcesBuildPhase;
			buildActionMask = 2147483647;
			files = (
				2F2CFB8C206CB0CE002C49BA /* FormatterNumberValueTest.swift in Sources */,
				2F2CFB91206CB174002C49BA /* FormatterNumberValue.swift in Sources */,
			);
			runOnlyForDeploymentPostprocessing = 0;
		};
/* End PBXSourcesBuildPhase section */

/* Begin XCBuildConfiguration section */
		2F2CFB7E206CAF03002C49BA /* Debug */ = {
			isa = XCBuildConfiguration;
			buildSettings = {
				ALWAYS_SEARCH_USER_PATHS = NO;
				CLANG_ANALYZER_NONNULL = YES;
				CLANG_ANALYZER_NUMBER_OBJECT_CONVERSION = YES_AGGRESSIVE;
				CLANG_CXX_LANGUAGE_STANDARD = "gnu++14";
				CLANG_CXX_LIBRARY = "libc++";
				CLANG_ENABLE_MODULES = YES;
				CLANG_ENABLE_OBJC_ARC = YES;
				CLANG_WARN_BLOCK_CAPTURE_AUTORELEASING = YES;
				CLANG_WARN_BOOL_CONVERSION = YES;
				CLANG_WARN_COMMA = YES;
				CLANG_WARN_CONSTANT_CONVERSION = YES;
				CLANG_WARN_DIRECT_OBJC_ISA_USAGE = YES_ERROR;
				CLANG_WARN_DOCUMENTATION_COMMENTS = YES;
				CLANG_WARN_EMPTY_BODY = YES;
				CLANG_WARN_ENUM_CONVERSION = YES;
				CLANG_WARN_INFINITE_RECURSION = YES;
				CLANG_WARN_INT_CONVERSION = YES;
				CLANG_WARN_NON_LITERAL_NULL_CONVERSION = YES;
				CLANG_WARN_OBJC_LITERAL_CONVERSION = YES;
				CLANG_WARN_OBJC_ROOT_CLASS = YES_ERROR;
				CLANG_WARN_RANGE_LOOP_ANALYSIS = YES;
				CLANG_WARN_STRICT_PROTOTYPES = YES;
				CLANG_WARN_SUSPICIOUS_MOVE = YES;
				CLANG_WARN_UNGUARDED_AVAILABILITY = YES_AGGRESSIVE;
				CLANG_WARN_UNREACHABLE_CODE = YES;
				CLANG_WARN__DUPLICATE_METHOD_MATCH = YES;
				CODE_SIGN_IDENTITY = "-";
				COPY_PHASE_STRIP = NO;
				DEBUG_INFORMATION_FORMAT = dwarf;
				ENABLE_STRICT_OBJC_MSGSEND = YES;
				ENABLE_TESTABILITY = YES;
				GCC_C_LANGUAGE_STANDARD = gnu11;
				GCC_DYNAMIC_NO_PIC = NO;
				GCC_NO_COMMON_BLOCKS = YES;
				GCC_OPTIMIZATION_LEVEL = 0;
				GCC_PREPROCESSOR_DEFINITIONS = (
					"DEBUG=1",
					"$(inherited)",
				);
				GCC_WARN_64_TO_32_BIT_CONVERSION = YES;
				GCC_WARN_ABOUT_RETURN_TYPE = YES_ERROR;
				GCC_WARN_UNDECLARED_SELECTOR = YES;
				GCC_WARN_UNINITIALIZED_AUTOS = YES_AGGRESSIVE;
				GCC_WARN_UNUSED_FUNCTION = YES;
				GCC_WARN_UNUSED_VARIABLE = YES;
				MACOSX_DEPLOYMENT_TARGET = 10.12;
				MTL_ENABLE_DEBUG_INFO = YES;
				ONLY_ACTIVE_ARCH = YES;
				SDKROOT = macosx;
				SWIFT_ACTIVE_COMPILATION_CONDITIONS = DEBUG;
				SWIFT_OPTIMIZATION_LEVEL = "-Onone";
			};
			name = Debug;
		};
		2F2CFB7F206CAF03002C49BA /* Release */ = {
			isa = XCBuildConfiguration;
			buildSettings = {
				ALWAYS_SEARCH_USER_PATHS = NO;
				CLANG_ANALYZER_NONNULL = YES;
				CLANG_ANALYZER_NUMBER_OBJECT_CONVERSION = YES_AGGRESSIVE;
				CLANG_CXX_LANGUAGE_STANDARD = "gnu++14";
				CLANG_CXX_LIBRARY = "libc++";
				CLANG_ENABLE_MODULES = YES;
				CLANG_ENABLE_OBJC_ARC = YES;
				CLANG_WARN_BLOCK_CAPTURE_AUTORELEASING = YES;
				CLANG_WARN_BOOL_CONVERSION = YES;
				CLANG_WARN_COMMA = YES;
				CLANG_WARN_CONSTANT_CONVERSION = YES;
				CLANG_WARN_DIRECT_OBJC_ISA_USAGE = YES_ERROR;
				CLANG_WARN_DOCUMENTATION_COMMENTS = YES;
				CLANG_WARN_EMPTY_BODY = YES;
				CLANG_WARN_ENUM_CONVERSION = YES;
				CLANG_WARN_INFINITE_RECURSION = YES;
				CLANG_WARN_INT_CONVERSION = YES;
				CLANG_WARN_NON_LITERAL_NULL_CONVERSION = YES;
				CLANG_WARN_OBJC_LITERAL_CONVERSION = YES;
				CLANG_WARN_OBJC_ROOT_CLASS = YES_ERROR;
				CLANG_WARN_RANGE_LOOP_ANALYSIS = YES;
				CLANG_WARN_STRICT_PROTOTYPES = YES;
				CLANG_WARN_SUSPICIOUS_MOVE = YES;
				CLANG_WARN_UNGUARDED_AVAILABILITY = YES_AGGRESSIVE;
				CLANG_WARN_UNREACHABLE_CODE = YES;
				CLANG_WARN__DUPLICATE_METHOD_MATCH = YES;
				CODE_SIGN_IDENTITY = "-";
				COPY_PHASE_STRIP = NO;
				DEBUG_INFORMATION_FORMAT = "dwarf-with-dsym";
				ENABLE_NS_ASSERTIONS = NO;
				ENABLE_STRICT_OBJC_MSGSEND = YES;
				GCC_C_LANGUAGE_STANDARD = gnu11;
				GCC_NO_COMMON_BLOCKS = YES;
				GCC_WARN_64_TO_32_BIT_CONVERSION = YES;
				GCC_WARN_ABOUT_RETURN_TYPE = YES_ERROR;
				GCC_WARN_UNDECLARED_SELECTOR = YES;
				GCC_WARN_UNINITIALIZED_AUTOS = YES_AGGRESSIVE;
				GCC_WARN_UNUSED_FUNCTION = YES;
				GCC_WARN_UNUSED_VARIABLE = YES;
				MACOSX_DEPLOYMENT_TARGET = 10.12;
				MTL_ENABLE_DEBUG_INFO = NO;
				SDKROOT = macosx;
				SWIFT_OPTIMIZATION_LEVEL = "-Owholemodule";
			};
			name = Release;
		};
		2F2CFB81206CAF03002C49BA /* Debug */ = {
			isa = XCBuildConfiguration;
			buildSettings = {
				CODE_SIGN_STYLE = Automatic;
				PRODUCT_NAME = "$(TARGET_NAME)";
				SWIFT_VERSION = 4.0;
			};
			name = Debug;
		};
		2F2CFB82206CAF03002C49BA /* Release */ = {
			isa = XCBuildConfiguration;
			buildSettings = {
				CODE_SIGN_STYLE = Automatic;
				PRODUCT_NAME = "$(TARGET_NAME)";
				SWIFT_VERSION = 4.0;
			};
			name = Release;
		};
		2F2CFB8F206CB0CE002C49BA /* Debug */ = {
			isa = XCBuildConfiguration;
			buildSettings = {
				CODE_SIGN_STYLE = Automatic;
				COMBINE_HIDPI_IMAGES = YES;
				INFOPLIST_FILE = FormatterNumberValueTest/Info.plist;
				LD_RUNPATH_SEARCH_PATHS = "$(inherited) @executable_path/../Frameworks @loader_path/../Frameworks";
				PRODUCT_BUNDLE_IDENTIFIER = com.sungrow.FormatterNumberValueTest;
				PRODUCT_NAME = "$(TARGET_NAME)";
				SWIFT_VERSION = 4.0;
			};
			name = Debug;
		};
		2F2CFB90206CB0CE002C49BA /* Release */ = {
			isa = XCBuildConfiguration;
			buildSettings = {
				CODE_SIGN_STYLE = Automatic;
				COMBINE_HIDPI_IMAGES = YES;
				INFOPLIST_FILE = FormatterNumberValueTest/Info.plist;
				LD_RUNPATH_SEARCH_PATHS = "$(inherited) @executable_path/../Frameworks @loader_path/../Frameworks";
				PRODUCT_BUNDLE_IDENTIFIER = com.sungrow.FormatterNumberValueTest;
				PRODUCT_NAME = "$(TARGET_NAME)";
				SWIFT_VERSION = 4.0;
			};
			name = Release;
		};
/* End XCBuildConfiguration section */

/* Begin XCConfigurationList section */
		2F2CFB74206CAF03002C49BA /* Build configuration list for PBXProject "FormatterNumberValue" */ = {
			isa = XCConfigurationList;
			buildConfigurations = (
				2F2CFB7E206CAF03002C49BA /* Debug */,
				2F2CFB7F206CAF03002C49BA /* Release */,
			);
			defaultConfigurationIsVisible = 0;
			defaultConfigurationName = Release;
		};
		2F2CFB80206CAF03002C49BA /* Build configuration list for PBXNativeTarget "FormatterNumberValue" */ = {
			isa = XCConfigurationList;
			buildConfigurations = (
				2F2CFB81206CAF03002C49BA /* Debug */,
				2F2CFB82206CAF03002C49BA /* Release */,
			);
			defaultConfigurationIsVisible = 0;
			defaultConfigurationName = Release;
		};
		2F2CFB8E206CB0CE002C49BA /* Build configuration list for PBXNativeTarget "FormatterNumberValueTest" */ = {
			isa = XCConfigurationList;
			buildConfigurations = (
				2F2CFB8F206CB0CE002C49BA /* Debug */,
				2F2CFB90206CB0CE002C49BA /* Release */,
			);
			defaultConfigurationIsVisible = 0;
			defaultConfigurationName = Release;
		};
/* End XCConfigurationList section */
	};
	rootObject = 2F2CFB71206CAF03002C49BA /* Project object */;
}
